
Microsoft Visual Studio Solution File, Format Version 12.00
# Visual Studio Version 17
VisualStudioVersion = 17.7.34031.279
MinimumVisualStudioVersion = 10.0.40219.1
Project("{9A19103F-16F7-4668-BE54-9A1E7A4F7556}") = "OEmbedSharp", "OEmbedSharp\OEmbedSharp.csproj", "{61BDBEB6-143A-47E7-890B-DB6EA013938B}"
EndProject
Project("{9A19103F-16F7-4668-BE54-9A1E7A4F7556}") = "OEmbedSharp.Tests", "OEmbedSharp.Tests\OEmbedSharp.Tests.csproj", "{618022EE-AFB9-4C89-93E6-BA0728E2950D}"
EndProject
Project("{2150E333-8FDC-42A3-9474-1A3956D46DE8}") = "Projektmappenelemente", "Projektmappenelemente", "{1FB2FA97-6B1E-4D0A-81A8-4AC3A4547CD7}"
	ProjectSection(SolutionItems) = preProject
		Directory.Build.props = Directory.Build.props
	EndProjectSection
EndProject
Global
	GlobalSection(SolutionConfigurationPlatforms) = preSolution
		Debug|Any CPU = Debug|Any CPU
		Release|Any CPU = Release|Any CPU
	EndGlobalSection
	GlobalSection(ProjectConfigurationPlatforms) = postSolution
		{61BDBEB6-143A-47E7-890B-DB6EA013938B}.Debug|Any CPU.ActiveCfg = Debug|Any CPU
		{61BDBEB6-143A-47E7-890B-DB6EA013938B}.Debug|Any CPU.Build.0 = Debug|Any CPU
		{61BDBEB6-143A-47E7-890B-DB6EA013938B}.Release|Any CPU.ActiveCfg = Release|Any CPU
		{61BDBEB6-143A-47E7-890B-DB6EA013938B}.Release|Any CPU.Build.0 = Release|Any CPU
		{618022EE-AFB9-4C89-93E6-BA0728E2950D}.Debug|Any CPU.ActiveCfg = Debug|Any CPU
		{618022EE-AFB9-4C89-93E6-BA0728E2950D}.Debug|Any CPU.Build.0 = Debug|Any CPU
		{618022EE-AFB9-4C89-93E6-BA0728E2950D}.Release|Any CPU.ActiveCfg = Release|Any CPU
		{618022EE-AFB9-4C89-93E6-BA0728E2950D}.Release|Any CPU.Build.0 = Release|Any CPU
	EndGlobalSection
	GlobalSection(SolutionProperties) = preSolution
		HideSolutionNode = FALSE
	EndGlobalSection
EndGlobal
